
Microsoft Visual Studio Solution File, Format Version 12.00
# Visual Studio Version 17
VisualStudioVersion = 17.7.34031.279
MinimumVisualStudioVersion = 10.0.40219.1
Project("{FAE04EC0-301F-11D3-BF4B-00C04F79EFBC}") = "StudentProjcet", "StudentProjcet\StudentProjcet.csproj", "{AB40CDD0-132A-4C58-9066-A1A0838BAF27}"
EndProject
Global
	GlobalSection(SolutionConfigurationPlatforms) = preSolution
		Debug|Any CPU = Debug|Any CPU
		Release|Any CPU = Release|Any CPU
	EndGlobalSection
	GlobalSection(ProjectConfigurationPlatforms) = postSolution
		{AB40CDD0-132A-4C58-9066-A1A0838BAF27}.Debug|Any CPU.ActiveCfg = Debug|Any CPU
		{AB40CDD0-132A-4C58-9066-A1A0838BAF27}.Debug|Any CPU.Build.0 = Debug|Any CPU
		{AB40CDD0-132A-4C58-9066-A1A0838BAF27}.Release|Any CPU.ActiveCfg = Release|Any CPU
		{AB40CDD0-132A-4C58-9066-A1A0838BAF27}.Release|Any CPU.Build.0 = Release|Any CPU
	EndGlobalSection
	GlobalSection(SolutionProperties) = preSolution
		HideSolutionNode = FALSE
	EndGlobalSection
	GlobalSection(ExtensibilityGlobals) = postSolution
		SolutionGuid = {640E5349-1B4B-4AE9-A094-DE83A2CFD107}
	EndGlobalSection
EndGlobal
